
Microsoft Visual Studio Solution File, Format Version 12.00
# Visual Studio Version 17
VisualStudioVersion = 17.8.34408.163
MinimumVisualStudioVersion = 10.0.40219.1
Project("{9A19103F-16F7-4668-BE54-9A1E7A4F7556}") = "BearPlatform.Api", "BearPlatform.Api\BearPlatform.Api.csproj", "{ADFA6CED-A6A5-48E1-B806-E78FD6D1D9A9}"
EndProject
Project("{9A19103F-16F7-4668-BE54-9A1E7A4F7556}") = "BearPlatform.Repository", "BearPlatform.Repository\BearPlatform.Repository.csproj", "{86DA4A93-54FB-4E7A-884A-F45CEBF945A2}"
EndProject
Project("{9A19103F-16F7-4668-BE54-9A1E7A4F7556}") = "BearPlatform.Common", "BearPlatform.Common\BearPlatform.Common.csproj", "{94E348C4-2AC6-4F81-A228-24853A128CCD}"
EndProject
Project("{9A19103F-16F7-4668-BE54-9A1E7A4F7556}") = "BearPlatform.Entity", "BearPlatform.Entity\BearPlatform.Entity.csproj", "{01B21D15-50CC-4D49-B9BB-8ECC80447DF0}"
EndProject
Project("{9A19103F-16F7-4668-BE54-9A1E7A4F7556}") = "BearPlatform.IBusiness", "BearPlatform.IBusiness\BearPlatform.IBusiness.csproj", "{8C7CF236-5F1E-41CB-9263-8E8EA28E355E}"
EndProject
Project("{9A19103F-16F7-4668-BE54-9A1E7A4F7556}") = "BearPlatform.Business", "BearPlatform.Business\BearPlatform.Business.csproj", "{65013438-FB7D-4187-AAEF-885578FBA51F}"
EndProject
Project("{9A19103F-16F7-4668-BE54-9A1E7A4F7556}") = "BearPlatform.TaskService", "BearPlatform.TaskService\BearPlatform.TaskService.csproj", "{FB66E7D7-EF4A-4BCF-8364-A4EA4206A632}"
EndProject
Project("{9A19103F-16F7-4668-BE54-9A1E7A4F7556}") = "BearPlatform.EventBus", "BearPlatform.EventBus\BearPlatform.EventBus.csproj", "{437F5EB3-F669-45F1-A617-B6BDBA0F2816}"
EndProject
Project("{9A19103F-16F7-4668-BE54-9A1E7A4F7556}") = "BearPlatform.Models", "BearPlatform.Models\BearPlatform.Models.csproj", "{ADE62A79-BDE3-4752-BFA6-06CD0D61E4E2}"
EndProject
Project("{9A19103F-16F7-4668-BE54-9A1E7A4F7556}") = "BearPlatform.ViewModel", "BearPlatform.ViewModel\BearPlatform.ViewModel.csproj", "{507B7C9C-381D-46E8-8098-6127E65A67A2}"
EndProject
Project("{FAE04EC0-301F-11D3-BF4B-00C04F79EFBC}") = "BearPlatform.Core", "BearPlatform.Core\BearPlatform.Core.csproj", "{093F2ACA-47BE-4F7A-BDE0-0EB7B6218AC5}"
EndProject
Project("{FAE04EC0-301F-11D3-BF4B-00C04F79EFBC}") = "BearPlatform.Infrastructure", "BearPlatform.Infrastructure\BearPlatform.Infrastructure.csproj", "{22FF15AA-9789-42F8-8E5C-1AC61F951A12}"
EndProject
Project("{2150E333-8FDC-42A3-9474-1A3956D46DE8}") = "1.Api", "1.Api", "{02EA681E-C7D8-13C7-8484-4AC65E1B71E8}"
EndProject
Project("{2150E333-8FDC-42A3-9474-1A3956D46DE8}") = "0.基类库源码(Nuget)", "0.基类库源码(Nuget)", "{B99A7462-B817-4C2A-9E53-D5BB4D553D16}"
EndProject
Project("{2150E333-8FDC-42A3-9474-1A3956D46DE8}") = "2.Business", "2.Business", "{E8C3B420-B01F-4593-B170-FEB981A94710}"
EndProject
Project("{2150E333-8FDC-42A3-9474-1A3956D46DE8}") = "3.Repository", "3.Repository", "{2662D5E8-0846-40FF-82A5-93A477FE3E98}"
EndProject
Project("{2150E333-8FDC-42A3-9474-1A3956D46DE8}") = "4.Entity", "4.Entity", "{59BB3495-B75C-4E11-9A04-236894B343DE}"
EndProject
Global
	GlobalSection(SolutionConfigurationPlatforms) = preSolution
		Debug|Any CPU = Debug|Any CPU
		Release|Any CPU = Release|Any CPU
	EndGlobalSection
	GlobalSection(ProjectConfigurationPlatforms) = postSolution
		{ADFA6CED-A6A5-48E1-B806-E78FD6D1D9A9}.Debug|Any CPU.ActiveCfg = Debug|Any CPU
		{ADFA6CED-A6A5-48E1-B806-E78FD6D1D9A9}.Debug|Any CPU.Build.0 = Debug|Any CPU
		{ADFA6CED-A6A5-48E1-B806-E78FD6D1D9A9}.Release|Any CPU.ActiveCfg = Release|Any CPU
		{ADFA6CED-A6A5-48E1-B806-E78FD6D1D9A9}.Release|Any CPU.Build.0 = Release|Any CPU
		{86DA4A93-54FB-4E7A-884A-F45CEBF945A2}.Debug|Any CPU.ActiveCfg = Debug|Any CPU
		{86DA4A93-54FB-4E7A-884A-F45CEBF945A2}.Debug|Any CPU.Build.0 = Debug|Any CPU
		{86DA4A93-54FB-4E7A-884A-F45CEBF945A2}.Release|Any CPU.ActiveCfg = Release|Any CPU
		{86DA4A93-54FB-4E7A-884A-F45CEBF945A2}.Release|Any CPU.Build.0 = Release|Any CPU
		{94E348C4-2AC6-4F81-A228-24853A128CCD}.Debug|Any CPU.ActiveCfg = Debug|Any CPU
		{94E348C4-2AC6-4F81-A228-24853A128CCD}.Debug|Any CPU.Build.0 = Debug|Any CPU
		{94E348C4-2AC6-4F81-A228-24853A128CCD}.Release|Any CPU.ActiveCfg = Release|Any CPU
		{94E348C4-2AC6-4F81-A228-24853A128CCD}.Release|Any CPU.Build.0 = Release|Any CPU
		{01B21D15-50CC-4D49-B9BB-8ECC80447DF0}.Debug|Any CPU.ActiveCfg = Debug|Any CPU
		{01B21D15-50CC-4D49-B9BB-8ECC80447DF0}.Debug|Any CPU.Build.0 = Debug|Any CPU
		{01B21D15-50CC-4D49-B9BB-8ECC80447DF0}.Release|Any CPU.ActiveCfg = Release|Any CPU
		{01B21D15-50CC-4D49-B9BB-8ECC80447DF0}.Release|Any CPU.Build.0 = Release|Any CPU
		{8C7CF236-5F1E-41CB-9263-8E8EA28E355E}.Debug|Any CPU.ActiveCfg = Debug|Any CPU
		{8C7CF236-5F1E-41CB-9263-8E8EA28E355E}.Debug|Any CPU.Build.0 = Debug|Any CPU
		{8C7CF236-5F1E-41CB-9263-8E8EA28E355E}.Release|Any CPU.ActiveCfg = Release|Any CPU
		{8C7CF236-5F1E-41CB-9263-8E8EA28E355E}.Release|Any CPU.Build.0 = Release|Any CPU
		{65013438-FB7D-4187-AAEF-885578FBA51F}.Debug|Any CPU.ActiveCfg = Debug|Any CPU
		{65013438-FB7D-4187-AAEF-885578FBA51F}.Debug|Any CPU.Build.0 = Debug|Any CPU
		{65013438-FB7D-4187-AAEF-885578FBA51F}.Release|Any CPU.ActiveCfg = Release|Any CPU
		{65013438-FB7D-4187-AAEF-885578FBA51F}.Release|Any CPU.Build.0 = Release|Any CPU
		{FB66E7D7-EF4A-4BCF-8364-A4EA4206A632}.Debug|Any CPU.ActiveCfg = Debug|Any CPU
		{FB66E7D7-EF4A-4BCF-8364-A4EA4206A632}.Debug|Any CPU.Build.0 = Debug|Any CPU
		{FB66E7D7-EF4A-4BCF-8364-A4EA4206A632}.Release|Any CPU.ActiveCfg = Release|Any CPU
		{FB66E7D7-EF4A-4BCF-8364-A4EA4206A632}.Release|Any CPU.Build.0 = Release|Any CPU
		{437F5EB3-F669-45F1-A617-B6BDBA0F2816}.Debug|Any CPU.ActiveCfg = Debug|Any CPU
		{437F5EB3-F669-45F1-A617-B6BDBA0F2816}.Debug|Any CPU.Build.0 = Debug|Any CPU
		{437F5EB3-F669-45F1-A617-B6BDBA0F2816}.Release|Any CPU.ActiveCfg = Release|Any CPU
		{437F5EB3-F669-45F1-A617-B6BDBA0F2816}.Release|Any CPU.Build.0 = Release|Any CPU
		{ADE62A79-BDE3-4752-BFA6-06CD0D61E4E2}.Debug|Any CPU.ActiveCfg = Debug|Any CPU
		{ADE62A79-BDE3-4752-BFA6-06CD0D61E4E2}.Debug|Any CPU.Build.0 = Debug|Any CPU
		{ADE62A79-BDE3-4752-BFA6-06CD0D61E4E2}.Release|Any CPU.ActiveCfg = Release|Any CPU
		{ADE62A79-BDE3-4752-BFA6-06CD0D61E4E2}.Release|Any CPU.Build.0 = Release|Any CPU
		{507B7C9C-381D-46E8-8098-6127E65A67A2}.Debug|Any CPU.ActiveCfg = Debug|Any CPU
		{507B7C9C-381D-46E8-8098-6127E65A67A2}.Debug|Any CPU.Build.0 = Debug|Any CPU
		{507B7C9C-381D-46E8-8098-6127E65A67A2}.Release|Any CPU.ActiveCfg = Release|Any CPU
		{507B7C9C-381D-46E8-8098-6127E65A67A2}.Release|Any CPU.Build.0 = Release|Any CPU
		{093F2ACA-47BE-4F7A-BDE0-0EB7B6218AC5}.Debug|Any CPU.ActiveCfg = Debug|Any CPU
		{093F2ACA-47BE-4F7A-BDE0-0EB7B6218AC5}.Debug|Any CPU.Build.0 = Debug|Any CPU
		{093F2ACA-47BE-4F7A-BDE0-0EB7B6218AC5}.Release|Any CPU.ActiveCfg = Release|Any CPU
		{093F2ACA-47BE-4F7A-BDE0-0EB7B6218AC5}.Release|Any CPU.Build.0 = Release|Any CPU
		{22FF15AA-9789-42F8-8E5C-1AC61F951A12}.Debug|Any CPU.ActiveCfg = Debug|Any CPU
		{22FF15AA-9789-42F8-8E5C-1AC61F951A12}.Debug|Any CPU.Build.0 = Debug|Any CPU
		{22FF15AA-9789-42F8-8E5C-1AC61F951A12}.Release|Any CPU.ActiveCfg = Release|Any CPU
		{22FF15AA-9789-42F8-8E5C-1AC61F951A12}.Release|Any CPU.Build.0 = Release|Any CPU
	EndGlobalSection
	GlobalSection(SolutionProperties) = preSolution
		HideSolutionNode = FALSE
	EndGlobalSection
	GlobalSection(NestedProjects) = preSolution
		{ADFA6CED-A6A5-48E1-B806-E78FD6D1D9A9} = {02EA681E-C7D8-13C7-8484-4AC65E1B71E8}
		{86DA4A93-54FB-4E7A-884A-F45CEBF945A2} = {2662D5E8-0846-40FF-82A5-93A477FE3E98}
		{94E348C4-2AC6-4F81-A228-24853A128CCD} = {B99A7462-B817-4C2A-9E53-D5BB4D553D16}
		{01B21D15-50CC-4D49-B9BB-8ECC80447DF0} = {59BB3495-B75C-4E11-9A04-236894B343DE}
		{8C7CF236-5F1E-41CB-9263-8E8EA28E355E} = {E8C3B420-B01F-4593-B170-FEB981A94710}
		{65013438-FB7D-4187-AAEF-885578FBA51F} = {E8C3B420-B01F-4593-B170-FEB981A94710}
		{FB66E7D7-EF4A-4BCF-8364-A4EA4206A632} = {02EA681E-C7D8-13C7-8484-4AC65E1B71E8}
		{437F5EB3-F669-45F1-A617-B6BDBA0F2816} = {E8C3B420-B01F-4593-B170-FEB981A94710}
		{ADE62A79-BDE3-4752-BFA6-06CD0D61E4E2} = {59BB3495-B75C-4E11-9A04-236894B343DE}
		{507B7C9C-381D-46E8-8098-6127E65A67A2} = {59BB3495-B75C-4E11-9A04-236894B343DE}
		{093F2ACA-47BE-4F7A-BDE0-0EB7B6218AC5} = {B99A7462-B817-4C2A-9E53-D5BB4D553D16}
		{22FF15AA-9789-42F8-8E5C-1AC61F951A12} = {B99A7462-B817-4C2A-9E53-D5BB4D553D16}
	EndGlobalSection
	GlobalSection(ExtensibilityGlobals) = postSolution
		SolutionGuid = {5D62A5F7-C3C8-48CE-A55F-B27C10DC5303}
	EndGlobalSection
EndGlobal
